
Microsoft Visual Studio Solution File, Format Version 12.00
# Visual Studio 2013
VisualStudioVersion = 12.0.30501.0
MinimumVisualStudioVersion = 10.0.40219.1
Project("{FAE04EC0-301F-11D3-BF4B-00C04F79EFBC}") = "ReactGraph", "ReactGraph\ReactGraph.csproj", "{74BD04AE-452C-4A37-8FB3-9D2A902B3A86}"
EndProject
Project("{FAE04EC0-301F-11D3-BF4B-00C04F79EFBC}") = "ReactGraph.Tests", "ReactGraph.Tests\ReactGraph.Tests.csproj", "{C6A12A7C-D074-4CD3-A1EC-B8FCAE0E89F7}"
EndProject
Global
	GlobalSection(SolutionConfigurationPlatforms) = preSolution
		Debug|Any CPU = Debug|Any CPU
		Release|Any CPU = Release|Any CPU
	EndGlobalSection
	GlobalSection(ProjectConfigurationPlatforms) = postSolution
		{74BD04AE-452C-4A37-8FB3-9D2A902B3A86}.Debug|Any CPU.ActiveCfg = Debug|Any CPU
		{74BD04AE-452C-4A37-8FB3-9D2A902B3A86}.Debug|Any CPU.Build.0 = Debug|Any CPU
		{74BD04AE-452C-4A37-8FB3-9D2A902B3A86}.Release|Any CPU.ActiveCfg = Release|Any CPU
		{74BD04AE-452C-4A37-8FB3-9D2A902B3A86}.Release|Any CPU.Build.0 = Release|Any CPU
		{C6A12A7C-D074-4CD3-A1EC-B8FCAE0E89F7}.Debug|Any CPU.ActiveCfg = Debug|Any CPU
		{C6A12A7C-D074-4CD3-A1EC-B8FCAE0E89F7}.Debug|Any CPU.Build.0 = Debug|Any CPU
		{C6A12A7C-D074-4CD3-A1EC-B8FCAE0E89F7}.Release|Any CPU.ActiveCfg = Release|Any CPU
		{C6A12A7C-D074-4CD3-A1EC-B8FCAE0E89F7}.Release|Any CPU.Build.0 = Release|Any CPU
	EndGlobalSection
	GlobalSection(SolutionProperties) = preSolution
		HideSolutionNode = FALSE
	EndGlobalSection
EndGlobal
